
Microsoft Visual Studio Solution File, Format Version 12.00
# Visual Studio 2013
VisualStudioVersion = 12.0.30501.0
MinimumVisualStudioVersion = 10.0.40219.1
Project("{FAE04EC0-301F-11D3-BF4B-00C04F79EFBC}") = "sock_client", "sock_client\sock_client.csproj", "{B953DB7B-C8AD-4CB0-89C7-373A00651161}"
EndProject
Global
	GlobalSection(SolutionConfigurationPlatforms) = preSolution
		Debug|Any CPU = Debug|Any CPU
		Release|Any CPU = Release|Any CPU
	EndGlobalSection
	GlobalSection(ProjectConfigurationPlatforms) = postSolution
		{B953DB7B-C8AD-4CB0-89C7-373A00651161}.Debug|Any CPU.ActiveCfg = Debug|Any CPU
		{B953DB7B-C8AD-4CB0-89C7-373A00651161}.Debug|Any CPU.Build.0 = Debug|Any CPU
		{B953DB7B-C8AD-4CB0-89C7-373A00651161}.Release|Any CPU.ActiveCfg = Release|Any CPU
		{B953DB7B-C8AD-4CB0-89C7-373A00651161}.Release|Any CPU.Build.0 = Release|Any CPU
	EndGlobalSection
	GlobalSection(SolutionProperties) = preSolution
		HideSolutionNode = FALSE
	EndGlobalSection
EndGlobal
